
Microsoft Visual Studio Solution File, Format Version 12.00
# Visual Studio Version 16
VisualStudioVersion = 16.0.31112.23
MinimumVisualStudioVersion = 10.0.40219.1
Project("{FAE04EC0-301F-11D3-BF4B-00C04F79EFBC}") = "GMapApp", "GMapApp.csproj", "{026ED46D-C7D0-429C-B44D-04C2FFA52B26}"
EndProject
Global
	GlobalSection(SolutionConfigurationPlatforms) = preSolution
		Debug|Any CPU = Debug|Any CPU
		Release|Any CPU = Release|Any CPU
	EndGlobalSection
	GlobalSection(ProjectConfigurationPlatforms) = postSolution
		{026ED46D-C7D0-429C-B44D-04C2FFA52B26}.Debug|Any CPU.ActiveCfg = Debug|Any CPU
		{026ED46D-C7D0-429C-B44D-04C2FFA52B26}.Debug|Any CPU.Build.0 = Debug|Any CPU
		{026ED46D-C7D0-429C-B44D-04C2FFA52B26}.Release|Any CPU.ActiveCfg = Release|Any CPU
		{026ED46D-C7D0-429C-B44D-04C2FFA52B26}.Release|Any CPU.Build.0 = Release|Any CPU
	EndGlobalSection
	GlobalSection(SolutionProperties) = preSolution
		HideSolutionNode = FALSE
	EndGlobalSection
	GlobalSection(ExtensibilityGlobals) = postSolution
		SolutionGuid = {9CBF713A-C372-429B-8C8C-9B137600D2BA}
	EndGlobalSection
EndGlobal
